// !$*UTF8*$!
{
	archiveVersion = 1;
	classes = {
	};
	objectVersion = 50;
	objects = {

/* Begin PBXBuildFile section */
		2900940420E6BD6400CE1EA5 /* Node.swift in Sources */ = {isa = PBXBuildFile; fileRef = 2900940320E6BD6400CE1EA5 /* Node.swift */; };
		2900940720E6BEB300CE1EA5 /* Primitive.swift in Sources */ = {isa = PBXBuildFile; fileRef = 2900940620E6BEB300CE1EA5 /* Primitive.swift */; };
		2900940920E6BF5E00CE1EA5 /* Types.swift in Sources */ = {isa = PBXBuildFile; fileRef = 2900940820E6BF5E00CE1EA5 /* Types.swift */; };
		2900940B20E6C2C100CE1EA5 /* Math.swift in Sources */ = {isa = PBXBuildFile; fileRef = 2900940A20E6C2C100CE1EA5 /* Math.swift */; };
		2900940D20E6C39A00CE1EA5 /* Scene.swift in Sources */ = {isa = PBXBuildFile; fileRef = 2900940C20E6C39A00CE1EA5 /* Scene.swift */; };
		2900940F20E6C3DE00CE1EA5 /* CubeScene.swift in Sources */ = {isa = PBXBuildFile; fileRef = 2900940E20E6C3DE00CE1EA5 /* CubeScene.swift */; };
		2900941120E6C40900CE1EA5 /* Cube.swift in Sources */ = {isa = PBXBuildFile; fileRef = 2900941020E6C40900CE1EA5 /* Cube.swift */; };
		2942685C2097593A008B0C65 /* AppDelegate.swift in Sources */ = {isa = PBXBuildFile; fileRef = 2942685B2097593A008B0C65 /* AppDelegate.swift */; };
		294268602097593B008B0C65 /* Assets.xcassets in Resources */ = {isa = PBXBuildFile; fileRef = 2942685F2097593B008B0C65 /* Assets.xcassets */; };
		294268632097593B008B0C65 /* Main.storyboard in Resources */ = {isa = PBXBuildFile; fileRef = 294268612097593B008B0C65 /* Main.storyboard */; };
		2942686C20975A34008B0C65 /* MetalView.swift in Sources */ = {isa = PBXBuildFile; fileRef = 2942686B20975A34008B0C65 /* MetalView.swift */; };
		2942686E20975C55008B0C65 /* Renderer.swift in Sources */ = {isa = PBXBuildFile; fileRef = 2942686D20975C55008B0C65 /* Renderer.swift */; };
		2942687020976100008B0C65 /* Shaders.metal in Sources */ = {isa = PBXBuildFile; fileRef = 2942686F20976100008B0C65 /* Shaders.metal */; };
/* End PBXBuildFile section */

/* Begin PBXFileReference section */
		2900940320E6BD6400CE1EA5 /* Node.swift */ = {isa = PBXFileReference; lastKnownFileType = sourcecode.swift; path = Node.swift; sourceTree = "<group>"; };
		2900940620E6BEB300CE1EA5 /* Primitive.swift */ = {isa = PBXFileReference; lastKnownFileType = sourcecode.swift; path = Primitive.swift; sourceTree = "<group>"; };
		2900940820E6BF5E00CE1EA5 /* Types.swift */ = {isa = PBXFileReference; lastKnownFileType = sourcecode.swift; path = Types.swift; sourceTree = "<group>"; };
		2900940A20E6C2C100CE1EA5 /* Math.swift */ = {isa = PBXFileReference; lastKnownFileType = sourcecode.swift; path = Math.swift; sourceTree = "<group>"; };
		2900940C20E6C39A00CE1EA5 /* Scene.swift */ = {isa = PBXFileReference; lastKnownFileType = sourcecode.swift; path = Scene.swift; sourceTree = "<group>"; };
		2900940E20E6C3DE00CE1EA5 /* CubeScene.swift */ = {isa = PBXFileReference; lastKnownFileType = sourcecode.swift; path = CubeScene.swift; sourceTree = "<group>"; };
		2900941020E6C40900CE1EA5 /* Cube.swift */ = {isa = PBXFileReference; lastKnownFileType = sourcecode.swift; path = Cube.swift; sourceTree = "<group>"; };
		294268582097593A008B0C65 /* macOSMetal.app */ = {isa = PBXFileReference; explicitFileType = wrapper.application; includeInIndex = 0; path = macOSMetal.app; sourceTree = BUILT_PRODUCTS_DIR; };
		2942685B2097593A008B0C65 /* AppDelegate.swift */ = {isa = PBXFileReference; lastKnownFileType = sourcecode.swift; path = AppDelegate.swift; sourceTree = "<group>"; };
		2942685F2097593B008B0C65 /* Assets.xcassets */ = {isa = PBXFileReference; lastKnownFileType = folder.assetcatalog; path = Assets.xcassets; sourceTree = "<group>"; };
		294268622097593B008B0C65 /* Base */ = {isa = PBXFileReference; lastKnownFileType = file.storyboard; name = Base; path = Base.lproj/Main.storyboard; sourceTree = "<group>"; };
		294268642097593B008B0C65 /* Info.plist */ = {isa = PBXFileReference; lastKnownFileType = text.plist.xml; path = Info.plist; sourceTree = "<group>"; };
		294268652097593B008B0C65 /* macOSMetal.entitlements */ = {isa = PBXFileReference; lastKnownFileType = text.plist.entitlements; path = macOSMetal.entitlements; sourceTree = "<group>"; };
		2942686B20975A34008B0C65 /* MetalView.swift */ = {isa = PBXFileReference; lastKnownFileType = sourcecode.swift; path = MetalView.swift; sourceTree = "<group>"; };
		2942686D20975C55008B0C65 /* Renderer.swift */ = {isa = PBXFileReference; lastKnownFileType = sourcecode.swift; path = Renderer.swift; sourceTree = "<group>"; };
		2942686F20976100008B0C65 /* Shaders.metal */ = {isa = PBXFileReference; lastKnownFileType = sourcecode.metal; path = Shaders.metal; sourceTree = "<group>"; };
/* End PBXFileReference section */

/* Begin PBXFrameworksBuildPhase section */
		294268552097593A008B0C65 /* Frameworks */ = {
			isa = PBXFrameworksBuildPhase;
			buildActionMask = 2147483647;
			files = (
			);
			runOnlyForDeploymentPostprocessing = 0;
		};
/* End PBXFrameworksBuildPhase section */

/* Begin PBXGroup section */
		2900940520E6BD8A00CE1EA5 /* Node */ = {
			isa = PBXGroup;
			children = (
				2900940320E6BD6400CE1EA5 /* Node.swift */,
				2900940620E6BEB300CE1EA5 /* Primitive.swift */,
				2900940C20E6C39A00CE1EA5 /* Scene.swift */,
				2900940E20E6C3DE00CE1EA5 /* CubeScene.swift */,
				2900941020E6C40900CE1EA5 /* Cube.swift */,
			);
			path = Node;
			sourceTree = "<group>";
		};
		2942684F2097593A008B0C65 = {
			isa = PBXGroup;
			children = (
				2942685A2097593A008B0C65 /* macOSMetal */,
				294268592097593A008B0C65 /* Products */,
			);
			sourceTree = "<group>";
		};
		294268592097593A008B0C65 /* Products */ = {
			isa = PBXGroup;
			children = (
				294268582097593A008B0C65 /* macOSMetal.app */,
			);
			name = Products;
			sourceTree = "<group>";
		};
		2942685A2097593A008B0C65 /* macOSMetal */ = {
			isa = PBXGroup;
			children = (
				2942685B2097593A008B0C65 /* AppDelegate.swift */,
				2942685F2097593B008B0C65 /* Assets.xcassets */,
				294268612097593B008B0C65 /* Main.storyboard */,
				294268642097593B008B0C65 /* Info.plist */,
				294268652097593B008B0C65 /* macOSMetal.entitlements */,
				2942686B20975A34008B0C65 /* MetalView.swift */,
				2942686D20975C55008B0C65 /* Renderer.swift */,
				2942686F20976100008B0C65 /* Shaders.metal */,
				2900940520E6BD8A00CE1EA5 /* Node */,
				2900940820E6BF5E00CE1EA5 /* Types.swift */,
				2900940A20E6C2C100CE1EA5 /* Math.swift */,
			);
			path = macOSMetal;
			sourceTree = "<group>";
		};
/* End PBXGroup section */

/* Begin PBXNativeTarget section */
		294268572097593A008B0C65 /* macOSMetal */ = {
			isa = PBXNativeTarget;
			buildConfigurationList = 294268682097593B008B0C65 /* Build configuration list for PBXNativeTarget "macOSMetal" */;
			buildPhases = (
				294268542097593A008B0C65 /* Sources */,
				294268552097593A008B0C65 /* Frameworks */,
				294268562097593A008B0C65 /* Resources */,
			);
			buildRules = (
			);
			dependencies = (
			);
			name = macOSMetal;
			productName = macOSMetal;
			productReference = 294268582097593A008B0C65 /* macOSMetal.app */;
			productType = "com.apple.product-type.application";
		};
/* End PBXNativeTarget section */

/* Begin PBXProject section */
		294268502097593A008B0C65 /* Project object */ = {
			isa = PBXProject;
			attributes = {
				LastSwiftUpdateCheck = 0930;
				LastUpgradeCheck = 0930;
				ORGANIZATIONNAME = "Zach Eriksen";
				TargetAttributes = {
					294268572097593A008B0C65 = {
						CreatedOnToolsVersion = 9.3;
					};
				};
			};
			buildConfigurationList = 294268532097593A008B0C65 /* Build configuration list for PBXProject "macOSMetal" */;
			compatibilityVersion = "Xcode 9.3";
			developmentRegion = en;
			hasScannedForEncodings = 0;
			knownRegions = (
				en,
				Base,
			);
			mainGroup = 2942684F2097593A008B0C65;
			productRefGroup = 294268592097593A008B0C65 /* Products */;
			projectDirPath = "";
			projectRoot = "";
			targets = (
				294268572097593A008B0C65 /* macOSMetal */,
			);
		};
/* End PBXProject section */

/* Begin PBXResourcesBuildPhase section */
		294268562097593A008B0C65 /* Resources */ = {
			isa = PBXResourcesBuildPhase;
			buildActionMask = 2147483647;
			files = (
				294268602097593B008B0C65 /* Assets.xcassets in Resources */,
				294268632097593B008B0C65 /* Main.storyboard in Resources */,
			);
			runOnlyForDeploymentPostprocessing = 0;
		};
/* End PBXResourcesBuildPhase section */

/* Begin PBXSourcesBuildPhase section */
		294268542097593A008B0C65 /* Sources */ = {
			isa = PBXSourcesBuildPhase;
			buildActionMask = 2147483647;
			files = (
				2942687020976100008B0C65 /* Shaders.metal in Sources */,
				2900941120E6C40900CE1EA5 /* Cube.swift in Sources */,
				2900940720E6BEB300CE1EA5 /* Primitive.swift in Sources */,
				2900940920E6BF5E00CE1EA5 /* Types.swift in Sources */,
				2900940420E6BD6400CE1EA5 /* Node.swift in Sources */,
				2942686C20975A34008B0C65 /* MetalView.swift in Sources */,
				2900940F20E6C3DE00CE1EA5 /* CubeScene.swift in Sources */,
				2942686E20975C55008B0C65 /* Renderer.swift in Sources */,
				2942685C2097593A008B0C65 /* AppDelegate.swift in Sources */,
				2900940B20E6C2C100CE1EA5 /* Math.swift in Sources */,
				2900940D20E6C39A00CE1EA5 /* Scene.swift in Sources */,
			);
			runOnlyForDeploymentPostprocessing = 0;
		};
/* End PBXSourcesBuildPhase section */

/* Begin PBXVariantGroup section */
		294268612097593B008B0C65 /* Main.storyboard */ = {
			isa = PBXVariantGroup;
			children = (
				294268622097593B008B0C65 /* Base */,
			);
			name = Main.storyboard;
			sourceTree = "<group>";
		};
/* End PBXVariantGroup section */

/* Begin XCBuildConfiguration section */
		294268662097593B008B0C65 /* Debug */ = {
			isa = XCBuildConfiguration;
			buildSettings = {
				ALWAYS_SEARCH_USER_PATHS = NO;
				CLANG_ANALYZER_NONNULL = YES;
				CLANG_ANALYZER_NUMBER_OBJECT_CONVERSION = YES_AGGRESSIVE;
				CLANG_CXX_LANGUAGE_STANDARD = "gnu++14";
				CLANG_CXX_LIBRARY = "libc++";
				CLANG_ENABLE_MODULES = YES;
				CLANG_ENABLE_OBJC_ARC = YES;
				CLANG_ENABLE_OBJC_WEAK = YES;
				CLANG_WARN_BLOCK_CAPTURE_AUTORELEASING = YES;
				CLANG_WARN_BOOL_CONVERSION = YES;
				CLANG_WARN_COMMA = YES;
				CLANG_WARN_CONSTANT_CONVERSION = YES;
				CLANG_WARN_DEPRECATED_OBJC_IMPLEMENTATIONS = YES;
				CLANG_WARN_DIRECT_OBJC_ISA_USAGE = YES_ERROR;
				CLANG_WARN_DOCUMENTATION_COMMENTS = YES;
				CLANG_WARN_EMPTY_BODY = YES;
				CLANG_WARN_ENUM_CONVERSION = YES;
				CLANG_WARN_INFINITE_RECURSION = YES;
				CLANG_WARN_INT_CONVERSION = YES;
				CLANG_WARN_NON_LITERAL_NULL_CONVERSION = YES;
				CLANG_WARN_OBJC_IMPLICIT_RETAIN_SELF = YES;
				CLANG_WARN_OBJC_LITERAL_CONVERSION = YES;
				CLANG_WARN_OBJC_ROOT_CLASS = YES_ERROR;
				CLANG_WARN_RANGE_LOOP_ANALYSIS = YES;
				CLANG_WARN_STRICT_PROTOTYPES = YES;
				CLANG_WARN_SUSPICIOUS_MOVE = YES;
				CLANG_WARN_UNGUARDED_AVAILABILITY = YES_AGGRESSIVE;
				CLANG_WARN_UNREACHABLE_CODE = YES;
				CLANG_WARN__DUPLICATE_METHOD_MATCH = YES;
				CODE_SIGN_IDENTITY = "Mac Developer";
				COPY_PHASE_STRIP = NO;
				DEBUG_INFORMATION_FORMAT = dwarf;
				ENABLE_STRICT_OBJC_MSGSEND = YES;
				ENABLE_TESTABILITY = YES;
				GCC_C_LANGUAGE_STANDARD = gnu11;
				GCC_DYNAMIC_NO_PIC = NO;
				GCC_NO_COMMON_BLOCKS = YES;
				GCC_OPTIMIZATION_LEVEL = 0;
				GCC_PREPROCESSOR_DEFINITIONS = (
					"DEBUG=1",
					"$(inherited)",
				);
				GCC_WARN_64_TO_32_BIT_CONVERSION = YES;
				GCC_WARN_ABOUT_RETURN_TYPE = YES_ERROR;
				GCC_WARN_UNDECLARED_SELECTOR = YES;
				GCC_WARN_UNINITIALIZED_AUTOS = YES_AGGRESSIVE;
				GCC_WARN_UNUSED_FUNCTION = YES;
				GCC_WARN_UNUSED_VARIABLE = YES;
				MACOSX_DEPLOYMENT_TARGET = 10.13;
				MTL_ENABLE_DEBUG_INFO = YES;
				ONLY_ACTIVE_ARCH = YES;
				SDKROOT = macosx;
				SWIFT_ACTIVE_COMPILATION_CONDITIONS = DEBUG;
				SWIFT_OPTIMIZATION_LEVEL = "-Onone";
			};
			name = Debug;
		};
		294268672097593B008B0C65 /* Release */ = {
			isa = XCBuildConfiguration;
			buildSettings = {
				ALWAYS_SEARCH_USER_PATHS = NO;
				CLANG_ANALYZER_NONNULL = YES;
				CLANG_ANALYZER_NUMBER_OBJECT_CONVERSION = YES_AGGRESSIVE;
				CLANG_CXX_LANGUAGE_STANDARD = "gnu++14";
				CLANG_CXX_LIBRARY = "libc++";
				CLANG_ENABLE_MODULES = YES;
				CLANG_ENABLE_OBJC_ARC = YES;
				CLANG_ENABLE_OBJC_WEAK = YES;
				CLANG_WARN_BLOCK_CAPTURE_AUTORELEASING = YES;
				CLANG_WARN_BOOL_CONVERSION = YES;
				CLANG_WARN_COMMA = YES;
				CLANG_WARN_CONSTANT_CONVERSION = YES;
				CLANG_WARN_DEPRECATED_OBJC_IMPLEMENTATIONS = YES;
				CLANG_WARN_DIRECT_OBJC_ISA_USAGE = YES_ERROR;
				CLANG_WARN_DOCUMENTATION_COMMENTS = YES;
				CLANG_WARN_EMPTY_BODY = YES;
				CLANG_WARN_ENUM_CONVERSION = YES;
				CLANG_WARN_INFINITE_RECURSION = YES;
				CLANG_WARN_INT_CONVERSION = YES;
				CLANG_WARN_NON_LITERAL_NULL_CONVERSION = YES;
				CLANG_WARN_OBJC_IMPLICIT_RETAIN_SELF = YES;
				CLANG_WARN_OBJC_LITERAL_CONVERSION = YES;
				CLANG_WARN_OBJC_ROOT_CLASS = YES_ERROR;
				CLANG_WARN_RANGE_LOOP_ANALYSIS = YES;
				CLANG_WARN_STRICT_PROTOTYPES = YES;
				CLANG_WARN_SUSPICIOUS_MOVE = YES;
				CLANG_WARN_UNGUARDED_AVAILABILITY = YES_AGGRESSIVE;
				CLANG_WARN_UNREACHABLE_CODE = YES;
				CLANG_WARN__DUPLICATE_METHOD_MATCH = YES;
				CODE_SIGN_IDENTITY = "Mac Developer";
				COPY_PHASE_STRIP = NO;
				DEBUG_INFORMATION_FORMAT = "dwarf-with-dsym";
				ENABLE_NS_ASSERTIONS = NO;
				ENABLE_STRICT_OBJC_MSGSEND = YES;
				GCC_C_LANGUAGE_STANDARD = gnu11;
				GCC_NO_COMMON_BLOCKS = YES;
				GCC_WARN_64_TO_32_BIT_CONVERSION = YES;
				GCC_WARN_ABOUT_RETURN_TYPE = YES_ERROR;
				GCC_WARN_UNDECLARED_SELECTOR = YES;
				GCC_WARN_UNINITIALIZED_AUTOS = YES_AGGRESSIVE;
				GCC_WARN_UNUSED_FUNCTION = YES;
				GCC_WARN_UNUSED_VARIABLE = YES;
				MACOSX_DEPLOYMENT_TARGET = 10.13;
				MTL_ENABLE_DEBUG_INFO = NO;
				SDKROOT = macosx;
				SWIFT_COMPILATION_MODE = wholemodule;
				SWIFT_OPTIMIZATION_LEVEL = "-O";
			};
			name = Release;
		};
		294268692097593B008B0C65 /* Debug */ = {
			isa = XCBuildConfiguration;
			buildSettings = {
				ASSETCATALOG_COMPILER_APPICON_NAME = AppIcon;
				CODE_SIGN_ENTITLEMENTS = macOSMetal/macOSMetal.entitlements;
				CODE_SIGN_STYLE = Automatic;
				COMBINE_HIDPI_IMAGES = YES;
				DEVELOPMENT_TEAM = 8M8SAX62V2;
				INFOPLIST_FILE = macOSMetal/Info.plist;
				LD_RUNPATH_SEARCH_PATHS = (
					"$(inherited)",
					"@executable_path/../Frameworks",
				);
				PRODUCT_BUNDLE_IDENTIFIER = cri.blog.macOSMetal;
				PRODUCT_NAME = "$(TARGET_NAME)";
				SWIFT_VERSION = 4.0;
			};
			name = Debug;
		};
		2942686A2097593B008B0C65 /* Release */ = {
			isa = XCBuildConfiguration;
			buildSettings = {
				ASSETCATALOG_COMPILER_APPICON_NAME = AppIcon;
				CODE_SIGN_ENTITLEMENTS = macOSMetal/macOSMetal.entitlements;
				CODE_SIGN_STYLE = Automatic;
				COMBINE_HIDPI_IMAGES = YES;
				DEVELOPMENT_TEAM = 8M8SAX62V2;
				INFOPLIST_FILE = macOSMetal/Info.plist;
				LD_RUNPATH_SEARCH_PATHS = (
					"$(inherited)",
					"@executable_path/../Frameworks",
				);
				PRODUCT_BUNDLE_IDENTIFIER = cri.blog.macOSMetal;
				PRODUCT_NAME = "$(TARGET_NAME)";
				SWIFT_VERSION = 4.0;
			};
			name = Release;
		};
/* End XCBuildConfiguration section */

/* Begin XCConfigurationList section */
		294268532097593A008B0C65 /* Build configuration list for PBXProject "macOSMetal" */ = {
			isa = XCConfigurationList;
			buildConfigurations = (
				294268662097593B008B0C65 /* Debug */,
				294268672097593B008B0C65 /* Release */,
			);
			defaultConfigurationIsVisible = 0;
			defaultConfigurationName = Release;
		};
		294268682097593B008B0C65 /* Build configuration list for PBXNativeTarget "macOSMetal" */ = {
			isa = XCConfigurationList;
			buildConfigurations = (
				294268692097593B008B0C65 /* Debug */,
				2942686A2097593B008B0C65 /* Release */,
			);
			defaultConfigurationIsVisible = 0;
			defaultConfigurationName = Release;
		};
/* End XCConfigurationList section */
	};
	rootObject = 294268502097593A008B0C65 /* Project object */;
}
